{
  "name": "app-sheet-list-objects",
  "version": "1.0.0",
  "lockfileVersion": 3,
  "requires": true,
  "packages": {
    "": {
      "name": "app-sheet-list-objects",
      "version": "1.0.0",
      "license": "ISC",
      "dependencies": {
        "@qlik/api": "^1.48.0",
        "dotenv": "^17.0.0"
      },
      "devDependencies": {}
    },
    "node_modules/@qlik/api": {
      "version": "1.48.0",
      "resolved": "https://registry.npmjs.org/@qlik/api/-/api-1.48.0.tgz",
      "integrity": "sha512-PAwHL4TYI7HkE1pXcTyc1bA9AvVQ+faGQpOS7PHEtPZNhjTdst+x9r7jpSE32bzAep9lemFzqqTxFtkDTAPIBQ==",
      "license": "ISC",
      "dependencies": {
        "enigma.js": "^2.14.0",
        "extend": "3.0.2",
        "lodash": "^4.17.21",
        "nanoid": "^5.1.6",
        "ws": "^8.18.3"
      },
      "engines": {
        "node": ">=20"
      }
    },
    "node_modules/dotenv": {
      "version": "17.2.3",
      "resolved": "https://registry.npmjs.org/dotenv/-/dotenv-17.2.3.tgz",
      "integrity": "sha512-JVUnt+DUIzu87TABbhPmNfVdBDt18BLOWjMUFJMSi/Qqg7NTYtabbvSNJGOJ7afbRuv9D/lngizHtP7QyLQ+9w==",
      "license": "BSD-2-Clause",
      "engines": {
        "node": ">=12"
      },
      "funding": {
        "url": "https://dotenvx.com"
      }
    },
    "node_modules/enigma.js": {
      "version": "2.14.0",
      "resolved": "https://registry.npmjs.org/enigma.js/-/enigma.js-2.14.0.tgz",
      "integrity": "sha512-M84VjtO2w9+AUDK5NEn5j7FOPBdiSkwRbbgVFWxkLXxutH/z8ATGFh0Ko/4pTNwWF/9On/lEEr4BOI+ZewSw9g==",
      "license": "MIT"
    },
    "node_modules/extend": {
      "version": "3.0.2",
      "resolved": "https://registry.npmjs.org/extend/-/extend-3.0.2.tgz",
      "integrity": "sha512-fjquC59cD7CyW6urNXK0FBufkZcoiGG80wTuPujX590cB5Ttln20E2UB4S/WARVqhXffZl2LNgS+gQdPIIim/g==",
      "license": "MIT"
    },
    "node_modules/lodash": {
      "version": "4.17.21",
      "resolved": "https://registry.npmjs.org/lodash/-/lodash-4.17.21.tgz",
      "integrity": "sha512-v2kDEe57lecTulaDIuNTPy3Ry4gLGJ6Z1O3vE1krgXZNrsQ+LFTGHVxVjcXPs17LhbZVGedAJv8XZ1tvj5FvSg==",
      "license": "MIT"
    },
    "node_modules/nanoid": {
      "version": "5.1.6",
      "resolved": "https://registry.npmjs.org/nanoid/-/nanoid-5.1.6.tgz",
      "integrity": "sha512-c7+7RQ+dMB5dPwwCp4ee1/iV/q2P6aK1mTZcfr1BTuVlyW9hJYiMPybJCcnBlQtuSmTIWNeazm/zqNoZSSElBg==",
      "funding": [
        {
          "type": "github",
          "url": "https://github.com/sponsors/ai"
        }
      ],
      "license": "MIT",
      "bin": {
        "nanoid": "bin/nanoid.js"
      },
      "engines": {
        "node": "^18 || >=20"
      }
    },
    "node_modules/ws": {
      "version": "8.18.3",
      "resolved": "https://registry.npmjs.org/ws/-/ws-8.18.3.tgz",
      "integrity": "sha512-PEIGCY5tSlUt50cqyMXfCzX+oOPqN0vuGqWzbcJ2xvnkzkq46oOpz7dQaTDBdfICb4N14+GARUDw2XV2N4tvzg==",
      "license": "MIT",
      "engines": {
        "node": ">=10.0.0"
      },
      "peerDependencies": {
        "bufferutil": "^4.0.1",
        "utf-8-validate": ">=5.0.2"
      },
      "peerDependenciesMeta": {
        "bufferutil": {
          "optional": true
        },
        "utf-8-validate": {
          "optional": true
        }
      }
    }
  }
}
