{
  "name": "create-bookmark",
  "version": "1.0.0",
  "lockfileVersion": 3,
  "requires": true,
  "packages": {
    "": {
      "name": "create-bookmark",
      "version": "1.0.0",
      "dependencies": {
        "@qlik/api": "^1.48.0"
      },
      "engines": {
        "node": ">=22"
      }
    },
    "node_modules/@qlik/api": {
      "version": "1.50.0",
      "resolved": "https://registry.npmjs.org/@qlik/api/-/api-1.50.0.tgz",
      "integrity": "sha512-g/MTm25jx1vLD3Nco7pZCn72zSrFvu/vk+KcZbSLNkLk8Z3Sgo7Pg4Ad/L4L94BGE9TRTrohqH1MqoYtj99J8g==",
      "license": "ISC",
      "dependencies": {
        "enigma.js": "^2.14.0",
        "extend": "3.0.2",
        "lodash": "^4.17.21",
        "nanoid": "^5.1.6",
        "ws": "^8.18.3"
      },
      "engines": {
        "node": ">=20"
      }
    },
    "node_modules/enigma.js": {
      "version": "2.14.0",
      "resolved": "https://registry.npmjs.org/enigma.js/-/enigma.js-2.14.0.tgz",
      "integrity": "sha512-M84VjtO2w9+AUDK5NEn5j7FOPBdiSkwRbbgVFWxkLXxutH/z8ATGFh0Ko/4pTNwWF/9On/lEEr4BOI+ZewSw9g==",
      "license": "MIT"
    },
    "node_modules/extend": {
      "version": "3.0.2",
      "resolved": "https://registry.npmjs.org/extend/-/extend-3.0.2.tgz",
      "integrity": "sha512-fjquC59cD7CyW6urNXK0FBufkZcoiGG80wTuPujX590cB5Ttln20E2UB4S/WARVqhXffZl2LNgS+gQdPIIim/g==",
      "license": "MIT"
    },
    "node_modules/lodash": {
      "version": "4.18.1",
      "resolved": "https://registry.npmjs.org/lodash/-/lodash-4.18.1.tgz",
      "integrity": "sha512-dMInicTPVE8d1e5otfwmmjlxkZoUpiVLwyeTdUsi/Caj/gfzzblBcCE5sRHV/AsjuCmxWrte2TNGSYuCeCq+0Q==",
      "license": "MIT"
    },
    "node_modules/nanoid": {
      "version": "5.1.11",
      "resolved": "https://registry.npmjs.org/nanoid/-/nanoid-5.1.11.tgz",
      "integrity": "sha512-v+KEsUv2ps74PaSKv0gHTxTCgMXOIfBEbaqa6w6ISIGC7ZsvHN4N9oJ8d4cmf0n5oTzQz2SLmThbQWhjd/8eKg==",
      "funding": [
        {
          "type": "github",
          "url": "https://github.com/sponsors/ai"
        }
      ],
      "license": "MIT",
      "bin": {
        "nanoid": "bin/nanoid.js"
      },
      "engines": {
        "node": "^18 || >=20"
      }
    },
    "node_modules/ws": {
      "version": "8.20.0",
      "resolved": "https://registry.npmjs.org/ws/-/ws-8.20.0.tgz",
      "integrity": "sha512-sAt8BhgNbzCtgGbt2OxmpuryO63ZoDk/sqaB/znQm94T4fCEsy/yV+7CdC1kJhOU9lboAEU7R3kquuycDoibVA==",
      "license": "MIT",
      "engines": {
        "node": ">=10.0.0"
      },
      "peerDependencies": {
        "bufferutil": "^4.0.1",
        "utf-8-validate": ">=5.0.2"
      },
      "peerDependenciesMeta": {
        "bufferutil": {
          "optional": true
        },
        "utf-8-validate": {
          "optional": true
        }
      }
    }
  }
}
